
Microsoft Visual Studio Solution File, Format Version 12.00
# Visual Studio Version 17
VisualStudioVersion = 17.5.33424.131
MinimumVisualStudioVersion = 10.0.40219.1
Project("{9A19103F-16F7-4668-BE54-9A1E7A4F7556}") = "DataProcessing", "DataProcessing\DataProcessing.csproj", "{498D7E28-4B6F-466E-82DB-2AFE275AB635}"
EndProject
Project("{9A19103F-16F7-4668-BE54-9A1E7A4F7556}") = "API", "API\API.csproj", "{A7142D24-E17C-4485-8BD6-61F90FF3E08D}"
EndProject
Global
	GlobalSection(SolutionConfigurationPlatforms) = preSolution
		Debug|Any CPU = Debug|Any CPU
		Release|Any CPU = Release|Any CPU
	EndGlobalSection
	GlobalSection(ProjectConfigurationPlatforms) = postSolution
		{498D7E28-4B6F-466E-82DB-2AFE275AB635}.Debug|Any CPU.ActiveCfg = Debug|Any CPU
		{498D7E28-4B6F-466E-82DB-2AFE275AB635}.Debug|Any CPU.Build.0 = Debug|Any CPU
		{498D7E28-4B6F-466E-82DB-2AFE275AB635}.Release|Any CPU.ActiveCfg = Release|Any CPU
		{498D7E28-4B6F-466E-82DB-2AFE275AB635}.Release|Any CPU.Build.0 = Release|Any CPU
		{A7142D24-E17C-4485-8BD6-61F90FF3E08D}.Debug|Any CPU.ActiveCfg = Debug|Any CPU
		{A7142D24-E17C-4485-8BD6-61F90FF3E08D}.Debug|Any CPU.Build.0 = Debug|Any CPU
		{A7142D24-E17C-4485-8BD6-61F90FF3E08D}.Release|Any CPU.ActiveCfg = Release|Any CPU
		{A7142D24-E17C-4485-8BD6-61F90FF3E08D}.Release|Any CPU.Build.0 = Release|Any CPU
	EndGlobalSection
	GlobalSection(SolutionProperties) = preSolution
		HideSolutionNode = FALSE
	EndGlobalSection
	GlobalSection(ExtensibilityGlobals) = postSolution
		SolutionGuid = {36C6E9A5-A29D-4809-9A6E-783D4F2A954E}
	EndGlobalSection
EndGlobal
